
Microsoft Visual Studio Solution File, Format Version 12.00
# Visual Studio Version 16
VisualStudioVersion = 16.0.30717.126
MinimumVisualStudioVersion = 10.0.40219.1
Project("{FAE04EC0-301F-11D3-BF4B-00C04F79EFBC}") = "DemoImmersiveReader", "DemoImmersiveReader\DemoImmersiveReader.csproj", "{BD34CA7F-4846-4CE3-BB93-9F1EEB0F2287}"
EndProject
Global
	GlobalSection(SolutionConfigurationPlatforms) = preSolution
		Debug|Any CPU = Debug|Any CPU
		Release|Any CPU = Release|Any CPU
	EndGlobalSection
	GlobalSection(ProjectConfigurationPlatforms) = postSolution
		{BD34CA7F-4846-4CE3-BB93-9F1EEB0F2287}.Debug|Any CPU.ActiveCfg = Debug|Any CPU
		{BD34CA7F-4846-4CE3-BB93-9F1EEB0F2287}.Debug|Any CPU.Build.0 = Debug|Any CPU
		{BD34CA7F-4846-4CE3-BB93-9F1EEB0F2287}.Release|Any CPU.ActiveCfg = Release|Any CPU
		{BD34CA7F-4846-4CE3-BB93-9F1EEB0F2287}.Release|Any CPU.Build.0 = Release|Any CPU
	EndGlobalSection
	GlobalSection(SolutionProperties) = preSolution
		HideSolutionNode = FALSE
	EndGlobalSection
	GlobalSection(ExtensibilityGlobals) = postSolution
		SolutionGuid = {E994B954-B62F-4999-AF7A-FB0306A68B7F}
	EndGlobalSection
EndGlobal
